// !$*UTF8*$!
{
	archiveVersion = 1;
	classes = {
	};
	objectVersion = 56;
	objects = {

/* Begin PBXBuildFile section */
		0E074EBC2D0787D70068814A /* AddProductViewController.swift in Sources */ = {isa = PBXBuildFile; fileRef = 0E074EBB2D0787D70068814A /* AddProductViewController.swift */; };
		0E14FB112D181F88005C606C /* DGCharts in Frameworks */ = {isa = PBXBuildFile; productRef = 0E14FB102D181F88005C606C /* DGCharts */; };
		0E2760AA2D08A4F8004569A9 /* FilterViewController.swift in Sources */ = {isa = PBXBuildFile; fileRef = 0E2760A92D08A4F8004569A9 /* FilterViewController.swift */; };
		0E2F4D442CFCD2DF00235DE9 /* ImpactTrackerViewController.swift in Sources */ = {isa = PBXBuildFile; fileRef = 0E2F4D432CFCD2DF00235DE9 /* ImpactTrackerViewController.swift */; };
		0E60DB772D0CC89900F16562 /* ProductCell2.storyboard in Resources */ = {isa = PBXBuildFile; fileRef = 0E60DB762D0CC89900F16562 /* ProductCell2.storyboard */; };
		0E60DB792D0CCAEA00F16562 /* HomePageTableViewController.swift in Sources */ = {isa = PBXBuildFile; fileRef = 0E60DB782D0CCAEA00F16562 /* HomePageTableViewController.swift */; };
		0E7C9AB12CF72FCD0049CD22 /* Assets.xcassets in Resources */ = {isa = PBXBuildFile; fileRef = 0E7C9AA32CF72FCD0049CD22 /* Assets.xcassets */; };
		0E7C9AB22CF72FCD0049CD22 /* Main.storyboard in Resources */ = {isa = PBXBuildFile; fileRef = 0E7C9AAD2CF72FCD0049CD22 /* Main.storyboard */; };
		0E7C9AB32CF72FCD0049CD22 /* GoogleService-Info.plist in Resources */ = {isa = PBXBuildFile; fileRef = 0E7C9AA62CF72FCD0049CD22 /* GoogleService-Info.plist */; };
		0E7C9AB42CF72FCD0049CD22 /* Impact Tracker.storyboard in Resources */ = {isa = PBXBuildFile; fileRef = 0E7C9AA92CF72FCD0049CD22 /* Impact Tracker.storyboard */; };
		0E7C9AB52CF72FCD0049CD22 /* ProductDetails.storyboard in Resources */ = {isa = PBXBuildFile; fileRef = 0E7C9AAE2CF72FCD0049CD22 /* ProductDetails.storyboard */; };
		0E7C9AB62CF72FCD0049CD22 /* LaunchScreen.storyboard in Resources */ = {isa = PBXBuildFile; fileRef = 0E7C9AAB2CF72FCD0049CD22 /* LaunchScreen.storyboard */; };
		0E7C9AB72CF72FCD0049CD22 /* ViewController.swift in Sources */ = {isa = PBXBuildFile; fileRef = 0E7C9AA42CF72FCD0049CD22 /* ViewController.swift */; };
		0E7C9AB82CF72FCD0049CD22 /* AppDelegate.swift in Sources */ = {isa = PBXBuildFile; fileRef = 0E7C9AA22CF72FCD0049CD22 /* AppDelegate.swift */; };
		0E7C9AB92CF72FCD0049CD22 /* SceneDelegate.swift in Sources */ = {isa = PBXBuildFile; fileRef = 0E7C9AA82CF72FCD0049CD22 /* SceneDelegate.swift */; };
		0EA4058C2D058B2D00F37E56 /* ProductFirebase.swift in Sources */ = {isa = PBXBuildFile; fileRef = 0EA4058A2D058B2D00F37E56 /* ProductFirebase.swift */; };
		0EC7EEEE2CFC485800A7E000 /* Product.swift in Sources */ = {isa = PBXBuildFile; fileRef = 0EC7EEED2CFC485800A7E000 /* Product.swift */; };
		1048562D2D07654600D60B8D /* ReviewFireBase.swift in Sources */ = {isa = PBXBuildFile; fileRef = 1048562C2D07654600D60B8D /* ReviewFireBase.swift */; };
		1048562E2D07655700D60B8D /* Review.swift in Sources */ = {isa = PBXBuildFile; fileRef = 105F69BA2D04A047005454A7 /* Review.swift */; };
		1048562F2D0765C200D60B8D /* ReviewViewController.swift in Sources */ = {isa = PBXBuildFile; fileRef = 105F69BC2D04A067005454A7 /* ReviewViewController.swift */; };
		104856302D0765D800D60B8D /* ReviewCell.swift in Sources */ = {isa = PBXBuildFile; fileRef = 105F69B22D049F97005454A7 /* ReviewCell.swift */; };
		104856312D076A9400D60B8D /* ReviewCell.xib in Resources */ = {isa = PBXBuildFile; fileRef = 105F69B02D049D1E005454A7 /* ReviewCell.xib */; };
		1086DBA42D0114B20087646B /* ProductDetailsViewController.swift in Sources */ = {isa = PBXBuildFile; fileRef = 1086DBA32D0114B20087646B /* ProductDetailsViewController.swift */; };
		54C191772D16BE4500DB36D0 /* MyOrdersViewController.swift in Sources */ = {isa = PBXBuildFile; fileRef = 54C191762D16BE4500DB36D0 /* MyOrdersViewController.swift */; };
		54C191792D16BE5300DB36D0 /* StoreManagementViewController.swift in Sources */ = {isa = PBXBuildFile; fileRef = 54C191782D16BE5300DB36D0 /* StoreManagementViewController.swift */; };
		54C1917B2D16BF0900DB36D0 /* StoreManagement.storyboard in Resources */ = {isa = PBXBuildFile; fileRef = 54C1917A2D16BF0900DB36D0 /* StoreManagement.storyboard */; };
		54C1917D2D16C03D00DB36D0 /* ProductManagementViewController.swift in Sources */ = {isa = PBXBuildFile; fileRef = 54C1917C2D16C03D00DB36D0 /* ProductManagementViewController.swift */; };
		54C191DE2D16F70C00DB36D0 /* EditProductViewController.swift in Sources */ = {isa = PBXBuildFile; fileRef = 54C191DD2D16F70C00DB36D0 /* EditProductViewController.swift */; };
		54C191E02D16FCA300DB36D0 /* AddProductManagementViewController.swift in Sources */ = {isa = PBXBuildFile; fileRef = 54C191DF2D16FCA300DB36D0 /* AddProductManagementViewController.swift */; };
		54C191E22D16FED600DB36D0 /* OrderManagementViewController.swift in Sources */ = {isa = PBXBuildFile; fileRef = 54C191E12D16FED600DB36D0 /* OrderManagementViewController.swift */; };
		54C191E42D16FEE500DB36D0 /* OrderCell.swift in Sources */ = {isa = PBXBuildFile; fileRef = 54C191E32D16FEE500DB36D0 /* OrderCell.swift */; };
		54C191E62D16FEF100DB36D0 /* Order.swift in Sources */ = {isa = PBXBuildFile; fileRef = 54C191E52D16FEF100DB36D0 /* Order.swift */; };
		54C191EA2D17007F00DB36D0 /* OwnerManagementViewController.swift in Sources */ = {isa = PBXBuildFile; fileRef = 54C191E92D17007F00DB36D0 /* OwnerManagementViewController.swift */; };
		54C191EC2D17009E00DB36D0 /* Owner.swift in Sources */ = {isa = PBXBuildFile; fileRef = 54C191EB2D17009E00DB36D0 /* Owner.swift */; };
		54C191EE2D17009F00DB36D0 /* Owner 2.swift in Sources */ = {isa = PBXBuildFile; fileRef = 54C191ED2D17009F00DB36D0 /* Owner 2.swift */; };
		54C191F02D1700B500DB36D0 /* OwnerCell.swift in Sources */ = {isa = PBXBuildFile; fileRef = 54C191EF2D1700B500DB36D0 /* OwnerCell.swift */; };
		54C191F42D17012600DB36D0 /* EditOwnerViewController.swift in Sources */ = {isa = PBXBuildFile; fileRef = 54C191F32D17012600DB36D0 /* EditOwnerViewController.swift */; };
		54C191F62D1702CF00DB36D0 /* Cart.storyboard in Resources */ = {isa = PBXBuildFile; fileRef = 54C191F52D1702CF00DB36D0 /* Cart.storyboard */; };
		54C191F82D1702E400DB36D0 /* CartViewController.swift in Sources */ = {isa = PBXBuildFile; fileRef = 54C191F72D1702E400DB36D0 /* CartViewController.swift */; };
		54C191FA2D1702FC00DB36D0 /* CartItemCell.swift in Sources */ = {isa = PBXBuildFile; fileRef = 54C191F92D1702FC00DB36D0 /* CartItemCell.swift */; };
		54C191FC2D17030A00DB36D0 /* CartItem.swift in Sources */ = {isa = PBXBuildFile; fileRef = 54C191FB2D17030A00DB36D0 /* CartItem.swift */; };
		54C191FE2D17033800DB36D0 /* CheckoutViewController.swift in Sources */ = {isa = PBXBuildFile; fileRef = 54C191FD2D17033800DB36D0 /* CheckoutViewController.swift */; };
		54C192002D1703BE00DB36D0 /* PaymentDetailsViewController.swift in Sources */ = {isa = PBXBuildFile; fileRef = 54C191FF2D1703BE00DB36D0 /* PaymentDetailsViewController.swift */; };
		54C192042D17076500DB36D0 /* ExpandedOrderListViewController.swift in Sources */ = {isa = PBXBuildFile; fileRef = 54C192032D17076500DB36D0 /* ExpandedOrderListViewController.swift */; };
		54C192062D17077700DB36D0 /* CancelOrderViewController.swift in Sources */ = {isa = PBXBuildFile; fileRef = 54C192052D17077700DB36D0 /* CancelOrderViewController.swift */; };
		5C3DD4C72D0E519800BD06C5 /* ThemeManager.swift in Sources */ = {isa = PBXBuildFile; fileRef = 5C3DD4C62D0E519800BD06C5 /* ThemeManager.swift */; };
		5C3DD4C92D0E524300BD06C5 /* ProfilePageTableViewController.swift in Sources */ = {isa = PBXBuildFile; fileRef = 5C3DD4C82D0E524300BD06C5 /* ProfilePageTableViewController.swift */; };
		5C7F5BB12D17AC7B00310022 /* AlternativeProducts.storyboard in Resources */ = {isa = PBXBuildFile; fileRef = 5C7F5BB02D17AC7B00310022 /* AlternativeProducts.storyboard */; };
		5C7F5BB32D17ACBC00310022 /* AlternativeProductsViewController.swift in Sources */ = {isa = PBXBuildFile; fileRef = 5C7F5BB22D17ACBC00310022 /* AlternativeProductsViewController.swift */; };
		5CA077142D0FEB4A00B44555 /* Color.swift in Sources */ = {isa = PBXBuildFile; fileRef = 5CA077132D0FEB4A00B44555 /* Color.swift */; };
		83D547122D137D29004DE1CE /* ProfilePage.storyboard in Resources */ = {isa = PBXBuildFile; fileRef = 83D547112D137D29004DE1CE /* ProfilePage.storyboard */; };
		83D547142D137D9C004DE1CE /* LogInPage.storyboard in Resources */ = {isa = PBXBuildFile; fileRef = 83D547132D137D9C004DE1CE /* LogInPage.storyboard */; };
		83D5471C2D137DF0004DE1CE /* UserSIGNUPTableViewController.swift in Sources */ = {isa = PBXBuildFile; fileRef = 83D547172D137DF0004DE1CE /* UserSIGNUPTableViewController.swift */; };
		83D5471D2D137DF0004DE1CE /* LogInTableViewController.swift in Sources */ = {isa = PBXBuildFile; fileRef = 83D547182D137DF0004DE1CE /* LogInTableViewController.swift */; };
		83D5471E2D137DF0004DE1CE /* ForgotPassViewController.swift in Sources */ = {isa = PBXBuildFile; fileRef = 83D547152D137DF0004DE1CE /* ForgotPassViewController.swift */; };
		83D5471F2D137DF0004DE1CE /* ProfilePageTableViewController.swift in Sources */ = {isa = PBXBuildFile; fileRef = 83D547192D137DF0004DE1CE /* ProfilePageTableViewController.swift */; };
		83D547212D137DF0004DE1CE /* AboutUsViewController.swift in Sources */ = {isa = PBXBuildFile; fileRef = 83D5471A2D137DF0004DE1CE /* AboutUsViewController.swift */; };
		83D547222D137DF0004DE1CE /* PrivacyViewController.swift in Sources */ = {isa = PBXBuildFile; fileRef = 83D5471B2D137DF0004DE1CE /* PrivacyViewController.swift */; };
		83D547262D137E09004DE1CE /* Profile.swift in Sources */ = {isa = PBXBuildFile; fileRef = 83D547252D137E09004DE1CE /* Profile.swift */; };
		83D547272D137E09004DE1CE /* User.swift in Sources */ = {isa = PBXBuildFile; fileRef = 83D547232D137E09004DE1CE /* User.swift */; };
		83D547282D137E09004DE1CE /* Database.swift in Sources */ = {isa = PBXBuildFile; fileRef = 83D547242D137E09004DE1CE /* Database.swift */; };
		83D5472A2D138109004DE1CE /* FirebaseStorage in Frameworks */ = {isa = PBXBuildFile; productRef = 83D547292D138109004DE1CE /* FirebaseStorage */; };
		83D5472C2D13A2F4004DE1CE /* SignupSuccessfulViewController.swift in Sources */ = {isa = PBXBuildFile; fileRef = 83D5472B2D13A2F4004DE1CE /* SignupSuccessfulViewController.swift */; };
		CF84B6A32CFC4B1E0006F605 /* LoginBackup.storyboard in Resources */ = {isa = PBXBuildFile; fileRef = CF84B6A22CFC4B1E0006F605 /* LoginBackup.storyboard */; };
		CF84B6A52CFC58280006F605 /* ProfileBackup.storyboard in Resources */ = {isa = PBXBuildFile; fileRef = CF84B6A42CFC58280006F605 /* ProfileBackup.storyboard */; };
		F23585FD2D058D1E00C00219 /* FirebaseAuth in Frameworks */ = {isa = PBXBuildFile; productRef = F23585FC2D058D1E00C00219 /* FirebaseAuth */; };
		F23585FF2D058D1E00C00219 /* FirebaseCore in Frameworks */ = {isa = PBXBuildFile; productRef = F23585FE2D058D1E00C00219 /* FirebaseCore */; };
		F23586012D058D1E00C00219 /* FirebaseFirestore in Frameworks */ = {isa = PBXBuildFile; productRef = F23586002D058D1E00C00219 /* FirebaseFirestore */; };
		F2574B212D0058F900FF2011 /* Filter.storyboard in Resources */ = {isa = PBXBuildFile; fileRef = F2574B202D0058F900FF2011 /* Filter.storyboard */; };
		F2574B272D00785B00FF2011 /* ProductCell.swift in Sources */ = {isa = PBXBuildFile; fileRef = F2574B262D00785B00FF2011 /* ProductCell.swift */; };
		F2DCE36B2CF72902002D4AB1 /* EcoCartTests.swift in Sources */ = {isa = PBXBuildFile; fileRef = F2DCE36A2CF72902002D4AB1 /* EcoCartTests.swift */; };
		F2DCE3752CF72902002D4AB1 /* EcoCartUITests.swift in Sources */ = {isa = PBXBuildFile; fileRef = F2DCE3742CF72902002D4AB1 /* EcoCartUITests.swift */; };
		F2DCE3772CF72902002D4AB1 /* EcoCartUITestsLaunchTests.swift in Sources */ = {isa = PBXBuildFile; fileRef = F2DCE3762CF72902002D4AB1 /* EcoCartUITestsLaunchTests.swift */; };
/* End PBXBuildFile section */

/* Begin PBXContainerItemProxy section */
		F2DCE3672CF72901002D4AB1 /* PBXContainerItemProxy */ = {
			isa = PBXContainerItemProxy;
			containerPortal = F2DCE3482CF728FF002D4AB1 /* Project object */;
			proxyType = 1;
			remoteGlobalIDString = F2DCE34F2CF728FF002D4AB1;
			remoteInfo = EcoCart;
		};
		F2DCE3712CF72902002D4AB1 /* PBXContainerItemProxy */ = {
			isa = PBXContainerItemProxy;
			containerPortal = F2DCE3482CF728FF002D4AB1 /* Project object */;
			proxyType = 1;
			remoteGlobalIDString = F2DCE34F2CF728FF002D4AB1;
			remoteInfo = EcoCart;
		};
/* End PBXContainerItemProxy section */

/* Begin PBXFileReference section */
		0E074EBB2D0787D70068814A /* AddProductViewController.swift */ = {isa = PBXFileReference; lastKnownFileType = sourcecode.swift; path = AddProductViewController.swift; sourceTree = "<group>"; };
		0E2760A92D08A4F8004569A9 /* FilterViewController.swift */ = {isa = PBXFileReference; lastKnownFileType = sourcecode.swift; path = FilterViewController.swift; sourceTree = "<group>"; };
		0E2F4D432CFCD2DF00235DE9 /* ImpactTrackerViewController.swift */ = {isa = PBXFileReference; lastKnownFileType = sourcecode.swift; path = ImpactTrackerViewController.swift; sourceTree = "<group>"; };
		0E60DB762D0CC89900F16562 /* ProductCell2.storyboard */ = {isa = PBXFileReference; lastKnownFileType = file.storyboard; path = ProductCell2.storyboard; sourceTree = "<group>"; };
		0E60DB782D0CCAEA00F16562 /* HomePageTableViewController.swift */ = {isa = PBXFileReference; lastKnownFileType = sourcecode.swift; path = HomePageTableViewController.swift; sourceTree = "<group>"; };
		0E7C9AA22CF72FCD0049CD22 /* AppDelegate.swift */ = {isa = PBXFileReference; lastKnownFileType = sourcecode.swift; path = AppDelegate.swift; sourceTree = "<group>"; };
		0E7C9AA32CF72FCD0049CD22 /* Assets.xcassets */ = {isa = PBXFileReference; lastKnownFileType = folder.assetcatalog; path = Assets.xcassets; sourceTree = "<group>"; };
		0E7C9AA42CF72FCD0049CD22 /* ViewController.swift */ = {isa = PBXFileReference; lastKnownFileType = sourcecode.swift; path = ViewController.swift; sourceTree = "<group>"; };
		0E7C9AA62CF72FCD0049CD22 /* GoogleService-Info.plist */ = {isa = PBXFileReference; lastKnownFileType = text.plist.xml; path = "GoogleService-Info.plist"; sourceTree = "<group>"; };
		0E7C9AA72CF72FCD0049CD22 /* Info.plist */ = {isa = PBXFileReference; lastKnownFileType = text.plist.xml; path = Info.plist; sourceTree = "<group>"; };
		0E7C9AA82CF72FCD0049CD22 /* SceneDelegate.swift */ = {isa = PBXFileReference; lastKnownFileType = sourcecode.swift; path = SceneDelegate.swift; sourceTree = "<group>"; };
		0E7C9AA92CF72FCD0049CD22 /* Impact Tracker.storyboard */ = {isa = PBXFileReference; lastKnownFileType = file.storyboard; path = "Impact Tracker.storyboard"; sourceTree = "<group>"; };
		0E7C9AAA2CF72FCD0049CD22 /* Base */ = {isa = PBXFileReference; lastKnownFileType = file.storyboard; name = Base; path = Base.lproj/LaunchScreen.storyboard; sourceTree = "<group>"; };
		0E7C9AAC2CF72FCD0049CD22 /* Base */ = {isa = PBXFileReference; lastKnownFileType = file.storyboard; name = Base; path = Base.lproj/Main.storyboard; sourceTree = "<group>"; };
		0E7C9AAE2CF72FCD0049CD22 /* ProductDetails.storyboard */ = {isa = PBXFileReference; lastKnownFileType = file.storyboard; path = ProductDetails.storyboard; sourceTree = "<group>"; };
		0EA4058A2D058B2D00F37E56 /* ProductFirebase.swift */ = {isa = PBXFileReference; lastKnownFileType = sourcecode.swift; path = ProductFirebase.swift; sourceTree = "<group>"; };
		0EC7EEED2CFC485800A7E000 /* Product.swift */ = {isa = PBXFileReference; lastKnownFileType = sourcecode.swift; path = Product.swift; sourceTree = "<group>"; };
		1048562C2D07654600D60B8D /* ReviewFireBase.swift */ = {isa = PBXFileReference; lastKnownFileType = sourcecode.swift; path = ReviewFireBase.swift; sourceTree = "<group>"; };
		105F69B02D049D1E005454A7 /* ReviewCell.xib */ = {isa = PBXFileReference; lastKnownFileType = file.xib; path = ReviewCell.xib; sourceTree = "<group>"; };
		105F69B22D049F97005454A7 /* ReviewCell.swift */ = {isa = PBXFileReference; lastKnownFileType = sourcecode.swift; name = ReviewCell.swift; path = EcoCart/Controllers/ReviewCell.swift; sourceTree = SOURCE_ROOT; };
		105F69BA2D04A047005454A7 /* Review.swift */ = {isa = PBXFileReference; lastKnownFileType = sourcecode.swift; path = Review.swift; sourceTree = "<group>"; };
		105F69BC2D04A067005454A7 /* ReviewViewController.swift */ = {isa = PBXFileReference; lastKnownFileType = sourcecode.swift; path = ReviewViewController.swift; sourceTree = "<group>"; };
		1086DBA32D0114B20087646B /* ProductDetailsViewController.swift */ = {isa = PBXFileReference; lastKnownFileType = sourcecode.swift; path = ProductDetailsViewController.swift; sourceTree = "<group>"; };
		54C191762D16BE4500DB36D0 /* MyOrdersViewController.swift */ = {isa = PBXFileReference; lastKnownFileType = sourcecode.swift; path = MyOrdersViewController.swift; sourceTree = "<group>"; };
		54C191782D16BE5300DB36D0 /* StoreManagementViewController.swift */ = {isa = PBXFileReference; lastKnownFileType = sourcecode.swift; path = StoreManagementViewController.swift; sourceTree = "<group>"; };
		54C1917A2D16BF0900DB36D0 /* StoreManagement.storyboard */ = {isa = PBXFileReference; lastKnownFileType = file.storyboard; path = StoreManagement.storyboard; sourceTree = "<group>"; };
		54C1917C2D16C03D00DB36D0 /* ProductManagementViewController.swift */ = {isa = PBXFileReference; lastKnownFileType = sourcecode.swift; path = ProductManagementViewController.swift; sourceTree = "<group>"; };
		54C191DD2D16F70C00DB36D0 /* EditProductViewController.swift */ = {isa = PBXFileReference; lastKnownFileType = sourcecode.swift; path = EditProductViewController.swift; sourceTree = "<group>"; };
		54C191DF2D16FCA300DB36D0 /* AddProductManagementViewController.swift */ = {isa = PBXFileReference; lastKnownFileType = sourcecode.swift; path = AddProductManagementViewController.swift; sourceTree = "<group>"; };
		54C191E12D16FED600DB36D0 /* OrderManagementViewController.swift */ = {isa = PBXFileReference; lastKnownFileType = sourcecode.swift; path = OrderManagementViewController.swift; sourceTree = "<group>"; };
		54C191E32D16FEE500DB36D0 /* OrderCell.swift */ = {isa = PBXFileReference; lastKnownFileType = sourcecode.swift; path = OrderCell.swift; sourceTree = "<group>"; };
		54C191E52D16FEF100DB36D0 /* Order.swift */ = {isa = PBXFileReference; lastKnownFileType = sourcecode.swift; path = Order.swift; sourceTree = "<group>"; };
		54C191E92D17007F00DB36D0 /* OwnerManagementViewController.swift */ = {isa = PBXFileReference; lastKnownFileType = sourcecode.swift; path = OwnerManagementViewController.swift; sourceTree = "<group>"; };
		54C191EB2D17009E00DB36D0 /* Owner.swift */ = {isa = PBXFileReference; lastKnownFileType = sourcecode.swift; path = Owner.swift; sourceTree = "<group>"; };
		54C191ED2D17009F00DB36D0 /* Owner 2.swift */ = {isa = PBXFileReference; lastKnownFileType = sourcecode.swift; path = "Owner 2.swift"; sourceTree = "<group>"; };
		54C191EF2D1700B500DB36D0 /* OwnerCell.swift */ = {isa = PBXFileReference; lastKnownFileType = sourcecode.swift; path = OwnerCell.swift; sourceTree = "<group>"; };
		54C191F32D17012600DB36D0 /* EditOwnerViewController.swift */ = {isa = PBXFileReference; lastKnownFileType = sourcecode.swift; path = EditOwnerViewController.swift; sourceTree = "<group>"; };
		54C191F52D1702CF00DB36D0 /* Cart.storyboard */ = {isa = PBXFileReference; lastKnownFileType = file.storyboard; path = Cart.storyboard; sourceTree = "<group>"; };
		54C191F72D1702E400DB36D0 /* CartViewController.swift */ = {isa = PBXFileReference; lastKnownFileType = sourcecode.swift; path = CartViewController.swift; sourceTree = "<group>"; };
		54C191F92D1702FC00DB36D0 /* CartItemCell.swift */ = {isa = PBXFileReference; lastKnownFileType = sourcecode.swift; path = CartItemCell.swift; sourceTree = "<group>"; };
		54C191FB2D17030A00DB36D0 /* CartItem.swift */ = {isa = PBXFileReference; lastKnownFileType = sourcecode.swift; path = CartItem.swift; sourceTree = "<group>"; };
		54C191FD2D17033800DB36D0 /* CheckoutViewController.swift */ = {isa = PBXFileReference; lastKnownFileType = sourcecode.swift; path = CheckoutViewController.swift; sourceTree = "<group>"; };
		54C191FF2D1703BE00DB36D0 /* PaymentDetailsViewController.swift */ = {isa = PBXFileReference; lastKnownFileType = sourcecode.swift; path = PaymentDetailsViewController.swift; sourceTree = "<group>"; };
		54C192012D17062300DB36D0 /* MyOrders.storyboard */ = {isa = PBXFileReference; lastKnownFileType = file.storyboard; path = MyOrders.storyboard; sourceTree = "<group>"; };
		54C192032D17076500DB36D0 /* ExpandedOrderListViewController.swift */ = {isa = PBXFileReference; lastKnownFileType = sourcecode.swift; path = ExpandedOrderListViewController.swift; sourceTree = "<group>"; };
		54C192052D17077700DB36D0 /* CancelOrderViewController.swift */ = {isa = PBXFileReference; lastKnownFileType = sourcecode.swift; path = CancelOrderViewController.swift; sourceTree = "<group>"; };
		5C3DD4C62D0E519800BD06C5 /* ThemeManager.swift */ = {isa = PBXFileReference; lastKnownFileType = sourcecode.swift; path = ThemeManager.swift; sourceTree = "<group>"; };
		5C3DD4C82D0E524300BD06C5 /* ProfilePageTableViewController.swift */ = {isa = PBXFileReference; lastKnownFileType = sourcecode.swift; path = ProfilePageTableViewController.swift; sourceTree = "<group>"; };
		5C7F5BB02D17AC7B00310022 /* AlternativeProducts.storyboard */ = {isa = PBXFileReference; lastKnownFileType = file.storyboard; path = AlternativeProducts.storyboard; sourceTree = "<group>"; };
		5C7F5BB22D17ACBC00310022 /* AlternativeProductsViewController.swift */ = {isa = PBXFileReference; lastKnownFileType = sourcecode.swift; path = AlternativeProductsViewController.swift; sourceTree = "<group>"; };
		5CA077132D0FEB4A00B44555 /* Color.swift */ = {isa = PBXFileReference; lastKnownFileType = sourcecode.swift; path = Color.swift; sourceTree = "<group>"; };
		83D547112D137D29004DE1CE /* ProfilePage.storyboard */ = {isa = PBXFileReference; lastKnownFileType = file.storyboard; path = ProfilePage.storyboard; sourceTree = "<group>"; };
		83D547132D137D9C004DE1CE /* LogInPage.storyboard */ = {isa = PBXFileReference; lastKnownFileType = file.storyboard; path = LogInPage.storyboard; sourceTree = "<group>"; };
		83D547152D137DF0004DE1CE /* ForgotPassViewController.swift */ = {isa = PBXFileReference; lastKnownFileType = sourcecode.swift; name = ForgotPassViewController.swift; path = EcoCart/Controllers/ForgotPassViewController.swift; sourceTree = SOURCE_ROOT; };
		83D547172D137DF0004DE1CE /* UserSIGNUPTableViewController.swift */ = {isa = PBXFileReference; lastKnownFileType = sourcecode.swift; name = UserSIGNUPTableViewController.swift; path = EcoCart/Controllers/UserSIGNUPTableViewController.swift; sourceTree = SOURCE_ROOT; };
		83D547182D137DF0004DE1CE /* LogInTableViewController.swift */ = {isa = PBXFileReference; lastKnownFileType = sourcecode.swift; name = LogInTableViewController.swift; path = EcoCart/Controllers/LogInTableViewController.swift; sourceTree = SOURCE_ROOT; };
		83D547192D137DF0004DE1CE /* ProfilePageTableViewController.swift */ = {isa = PBXFileReference; lastKnownFileType = sourcecode.swift; path = ProfilePageTableViewController.swift; sourceTree = "<group>"; };
		83D5471A2D137DF0004DE1CE /* AboutUsViewController.swift */ = {isa = PBXFileReference; lastKnownFileType = sourcecode.swift; path = AboutUsViewController.swift; sourceTree = "<group>"; };
		83D5471B2D137DF0004DE1CE /* PrivacyViewController.swift */ = {isa = PBXFileReference; lastKnownFileType = sourcecode.swift; path = PrivacyViewController.swift; sourceTree = "<group>"; };
		83D547232D137E09004DE1CE /* User.swift */ = {isa = PBXFileReference; lastKnownFileType = sourcecode.swift; path = User.swift; sourceTree = "<group>"; };
		83D547242D137E09004DE1CE /* Database.swift */ = {isa = PBXFileReference; lastKnownFileType = sourcecode.swift; path = Database.swift; sourceTree = "<group>"; };
		83D547252D137E09004DE1CE /* Profile.swift */ = {isa = PBXFileReference; lastKnownFileType = sourcecode.swift; path = Profile.swift; sourceTree = "<group>"; };
		83D5472B2D13A2F4004DE1CE /* SignupSuccessfulViewController.swift */ = {isa = PBXFileReference; lastKnownFileType = sourcecode.swift; name = SignupSuccessfulViewController.swift; path = EcoCart/Controllers/SignupSuccessfulViewController.swift; sourceTree = SOURCE_ROOT; };
		CF84B6A22CFC4B1E0006F605 /* LoginBackup.storyboard */ = {isa = PBXFileReference; lastKnownFileType = file.storyboard; path = LoginBackup.storyboard; sourceTree = "<group>"; };
		CF84B6A42CFC58280006F605 /* ProfileBackup.storyboard */ = {isa = PBXFileReference; lastKnownFileType = file.storyboard; path = ProfileBackup.storyboard; sourceTree = "<group>"; };
		F2574B202D0058F900FF2011 /* Filter.storyboard */ = {isa = PBXFileReference; lastKnownFileType = file.storyboard; path = Filter.storyboard; sourceTree = "<group>"; };
		F2574B262D00785B00FF2011 /* ProductCell.swift */ = {isa = PBXFileReference; lastKnownFileType = sourcecode.swift; path = ProductCell.swift; sourceTree = "<group>"; };
		F2DCE3502CF728FF002D4AB1 /* EcoCart.app */ = {isa = PBXFileReference; explicitFileType = wrapper.application; includeInIndex = 0; path = EcoCart.app; sourceTree = BUILT_PRODUCTS_DIR; };
		F2DCE3662CF72901002D4AB1 /* EcoCartTests.xctest */ = {isa = PBXFileReference; explicitFileType = wrapper.cfbundle; includeInIndex = 0; path = EcoCartTests.xctest; sourceTree = BUILT_PRODUCTS_DIR; };
		F2DCE36A2CF72902002D4AB1 /* EcoCartTests.swift */ = {isa = PBXFileReference; lastKnownFileType = sourcecode.swift; path = EcoCartTests.swift; sourceTree = "<group>"; };
		F2DCE3702CF72902002D4AB1 /* EcoCartUITests.xctest */ = {isa = PBXFileReference; explicitFileType = wrapper.cfbundle; includeInIndex = 0; path = EcoCartUITests.xctest; sourceTree = BUILT_PRODUCTS_DIR; };
		F2DCE3742CF72902002D4AB1 /* EcoCartUITests.swift */ = {isa = PBXFileReference; lastKnownFileType = sourcecode.swift; path = EcoCartUITests.swift; sourceTree = "<group>"; };
		F2DCE3762CF72902002D4AB1 /* EcoCartUITestsLaunchTests.swift */ = {isa = PBXFileReference; lastKnownFileType = sourcecode.swift; path = EcoCartUITestsLaunchTests.swift; sourceTree = "<group>"; };
/* End PBXFileReference section */

/* Begin PBXFrameworksBuildPhase section */
		F2DCE34D2CF728FF002D4AB1 /* Frameworks */ = {
			isa = PBXFrameworksBuildPhase;
			buildActionMask = 2147483647;
			files = (
				0E14FB112D181F88005C606C /* DGCharts in Frameworks */,
				F23585FF2D058D1E00C00219 /* FirebaseCore in Frameworks */,
				83D5472A2D138109004DE1CE /* FirebaseStorage in Frameworks */,
				F23585FD2D058D1E00C00219 /* FirebaseAuth in Frameworks */,
				F23586012D058D1E00C00219 /* FirebaseFirestore in Frameworks */,
			);
			runOnlyForDeploymentPostprocessing = 0;
		};
		F2DCE3632CF72901002D4AB1 /* Frameworks */ = {
			isa = PBXFrameworksBuildPhase;
			buildActionMask = 2147483647;
			files = (
			);
			runOnlyForDeploymentPostprocessing = 0;
		};
		F2DCE36D2CF72902002D4AB1 /* Frameworks */ = {
			isa = PBXFrameworksBuildPhase;
			buildActionMask = 2147483647;
			files = (
			);
			runOnlyForDeploymentPostprocessing = 0;
		};
/* End PBXFrameworksBuildPhase section */

/* Begin PBXGroup section */
		0E14FB0F2D181F88005C606C /* Frameworks */ = {
			isa = PBXGroup;
			children = (
			);
			name = Frameworks;
			sourceTree = "<group>";
		};
		0E7C9AA52CF72FCD0049CD22 /* Controllers */ = {
			isa = PBXGroup;
			children = (
				83D5472B2D13A2F4004DE1CE /* SignupSuccessfulViewController.swift */,
				83D547152D137DF0004DE1CE /* ForgotPassViewController.swift */,
				83D547172D137DF0004DE1CE /* UserSIGNUPTableViewController.swift */,
				83D547182D137DF0004DE1CE /* LogInTableViewController.swift */,
				83D547192D137DF0004DE1CE /* ProfilePageTableViewController.swift */,
				83D5471A2D137DF0004DE1CE /* AboutUsViewController.swift */,
				83D5471B2D137DF0004DE1CE /* PrivacyViewController.swift */,
				0E7C9AA42CF72FCD0049CD22 /* ViewController.swift */,
				0E2F4D432CFCD2DF00235DE9 /* ImpactTrackerViewController.swift */,
				0E60DB782D0CCAEA00F16562 /* HomePageTableViewController.swift */,
				1086DBA32D0114B20087646B /* ProductDetailsViewController.swift */,
				105F69B22D049F97005454A7 /* ReviewCell.swift */,
				105F69BC2D04A067005454A7 /* ReviewViewController.swift */,
				0E074EBB2D0787D70068814A /* AddProductViewController.swift */,
				0E2760A92D08A4F8004569A9 /* FilterViewController.swift */,
				F2574B262D00785B00FF2011 /* ProductCell.swift */,
				5C3DD4C62D0E519800BD06C5 /* ThemeManager.swift */,
				5C3DD4C82D0E524300BD06C5 /* ProfilePageTableViewController.swift */,
				54C191762D16BE4500DB36D0 /* MyOrdersViewController.swift */,
				54C191782D16BE5300DB36D0 /* StoreManagementViewController.swift */,
				54C1917C2D16C03D00DB36D0 /* ProductManagementViewController.swift */,
				54C191DD2D16F70C00DB36D0 /* EditProductViewController.swift */,
				54C191DF2D16FCA300DB36D0 /* AddProductManagementViewController.swift */,
				54C191E12D16FED600DB36D0 /* OrderManagementViewController.swift */,
				54C191E32D16FEE500DB36D0 /* OrderCell.swift */,
				54C191E92D17007F00DB36D0 /* OwnerManagementViewController.swift */,
				54C191EF2D1700B500DB36D0 /* OwnerCell.swift */,
				54C191F32D17012600DB36D0 /* EditOwnerViewController.swift */,
				54C191F72D1702E400DB36D0 /* CartViewController.swift */,
				54C191F92D1702FC00DB36D0 /* CartItemCell.swift */,
				54C191FD2D17033800DB36D0 /* CheckoutViewController.swift */,
				54C191FF2D1703BE00DB36D0 /* PaymentDetailsViewController.swift */,
				54C192032D17076500DB36D0 /* ExpandedOrderListViewController.swift */,
				54C192052D17077700DB36D0 /* CancelOrderViewController.swift */,
				5C7F5BB22D17ACBC00310022 /* AlternativeProductsViewController.swift */,
			);
			path = Controllers;
			sourceTree = "<group>";
		};
		0E7C9AAF2CF72FCD0049CD22 /* Views */ = {
			isa = PBXGroup;
			children = (
				83D547112D137D29004DE1CE /* ProfilePage.storyboard */,
				0E7C9AA92CF72FCD0049CD22 /* Impact Tracker.storyboard */,
				0E7C9AAB2CF72FCD0049CD22 /* LaunchScreen.storyboard */,
				0E7C9AAD2CF72FCD0049CD22 /* Main.storyboard */,
				0E7C9AAE2CF72FCD0049CD22 /* ProductDetails.storyboard */,
				CF84B6A22CFC4B1E0006F605 /* LoginBackup.storyboard */,
				CF84B6A42CFC58280006F605 /* ProfileBackup.storyboard */,
				F2574B202D0058F900FF2011 /* Filter.storyboard */,
				105F69B02D049D1E005454A7 /* ReviewCell.xib */,
				83D547132D137D9C004DE1CE /* LogInPage.storyboard */,
				0E60DB762D0CC89900F16562 /* ProductCell2.storyboard */,
				54C1917A2D16BF0900DB36D0 /* StoreManagement.storyboard */,
				54C191F52D1702CF00DB36D0 /* Cart.storyboard */,
				54C192012D17062300DB36D0 /* MyOrders.storyboard */,
				5C7F5BB02D17AC7B00310022 /* AlternativeProducts.storyboard */,
			);
			path = Views;
			sourceTree = "<group>";
		};
		0EA4058B2D058B2D00F37E56 /* Firebase */ = {
			isa = PBXGroup;
			children = (
				0EA4058A2D058B2D00F37E56 /* ProductFirebase.swift */,
				1048562C2D07654600D60B8D /* ReviewFireBase.swift */,
			);
			path = Firebase;
			sourceTree = "<group>";
		};
		0EF3BE012CF771B800DB6279 /* Models */ = {
			isa = PBXGroup;
			children = (
				83D547232D137E09004DE1CE /* User.swift */,
				83D547242D137E09004DE1CE /* Database.swift */,
				83D547252D137E09004DE1CE /* Profile.swift */,
				0EC7EEED2CFC485800A7E000 /* Product.swift */,
				105F69BA2D04A047005454A7 /* Review.swift */,
				54C191E52D16FEF100DB36D0 /* Order.swift */,
				54C191EB2D17009E00DB36D0 /* Owner.swift */,
				54C191ED2D17009F00DB36D0 /* Owner 2.swift */,
				54C191FB2D17030A00DB36D0 /* CartItem.swift */,
			);
			path = Models;
			sourceTree = "<group>";
		};
		F2DCE3472CF728FF002D4AB1 = {
			isa = PBXGroup;
			children = (
				F2DCE3522CF728FF002D4AB1 /* EcoCart */,
				F2DCE3692CF72901002D4AB1 /* EcoCartTests */,
				F2DCE3732CF72902002D4AB1 /* EcoCartUITests */,
				0E14FB0F2D181F88005C606C /* Frameworks */,
				F2DCE3512CF728FF002D4AB1 /* Products */,
			);
			sourceTree = "<group>";
		};
		F2DCE3512CF728FF002D4AB1 /* Products */ = {
			isa = PBXGroup;
			children = (
				F2DCE3502CF728FF002D4AB1 /* EcoCart.app */,
				F2DCE3662CF72901002D4AB1 /* EcoCartTests.xctest */,
				F2DCE3702CF72902002D4AB1 /* EcoCartUITests.xctest */,
			);
			name = Products;
			sourceTree = "<group>";
		};
		F2DCE3522CF728FF002D4AB1 /* EcoCart */ = {
			isa = PBXGroup;
			children = (
				5CA077132D0FEB4A00B44555 /* Color.swift */,
				0E7C9AA22CF72FCD0049CD22 /* AppDelegate.swift */,
				0E7C9AA82CF72FCD0049CD22 /* SceneDelegate.swift */,
				0E7C9AAF2CF72FCD0049CD22 /* Views */,
				0E7C9AA52CF72FCD0049CD22 /* Controllers */,
				0EF3BE012CF771B800DB6279 /* Models */,
				0E7C9AA32CF72FCD0049CD22 /* Assets.xcassets */,
				0EA4058B2D058B2D00F37E56 /* Firebase */,
				0E7C9AA62CF72FCD0049CD22 /* GoogleService-Info.plist */,
				0E7C9AA72CF72FCD0049CD22 /* Info.plist */,
			);
			path = EcoCart;
			sourceTree = "<group>";
		};
		F2DCE3692CF72901002D4AB1 /* EcoCartTests */ = {
			isa = PBXGroup;
			children = (
				F2DCE36A2CF72902002D4AB1 /* EcoCartTests.swift */,
			);
			path = EcoCartTests;
			sourceTree = "<group>";
		};
		F2DCE3732CF72902002D4AB1 /* EcoCartUITests */ = {
			isa = PBXGroup;
			children = (
				F2DCE3742CF72902002D4AB1 /* EcoCartUITests.swift */,
				F2DCE3762CF72902002D4AB1 /* EcoCartUITestsLaunchTests.swift */,
			);
			path = EcoCartUITests;
			sourceTree = "<group>";
		};
/* End PBXGroup section */

/* Begin PBXNativeTarget section */
		F2DCE34F2CF728FF002D4AB1 /* EcoCart */ = {
			isa = PBXNativeTarget;
			buildConfigurationList = F2DCE37A2CF72902002D4AB1 /* Build configuration list for PBXNativeTarget "EcoCart" */;
			buildPhases = (
				F2DCE34C2CF728FF002D4AB1 /* Sources */,
				F2DCE34D2CF728FF002D4AB1 /* Frameworks */,
				F2DCE34E2CF728FF002D4AB1 /* Resources */,
			);
			buildRules = (
			);
			dependencies = (
			);
			name = EcoCart;
			packageProductDependencies = (
				F23585FC2D058D1E00C00219 /* FirebaseAuth */,
				F23585FE2D058D1E00C00219 /* FirebaseCore */,
				F23586002D058D1E00C00219 /* FirebaseFirestore */,
				83D547292D138109004DE1CE /* FirebaseStorage */,
				0E14FB102D181F88005C606C /* DGCharts */,
			);
			productName = EcoCart;
			productReference = F2DCE3502CF728FF002D4AB1 /* EcoCart.app */;
			productType = "com.apple.product-type.application";
		};
		F2DCE3652CF72901002D4AB1 /* EcoCartTests */ = {
			isa = PBXNativeTarget;
			buildConfigurationList = F2DCE37D2CF72902002D4AB1 /* Build configuration list for PBXNativeTarget "EcoCartTests" */;
			buildPhases = (
				F2DCE3622CF72901002D4AB1 /* Sources */,
				F2DCE3632CF72901002D4AB1 /* Frameworks */,
				F2DCE3642CF72901002D4AB1 /* Resources */,
			);
			buildRules = (
			);
			dependencies = (
				F2DCE3682CF72901002D4AB1 /* PBXTargetDependency */,
			);
			name = EcoCartTests;
			productName = EcoCartTests;
			productReference = F2DCE3662CF72901002D4AB1 /* EcoCartTests.xctest */;
			productType = "com.apple.product-type.bundle.unit-test";
		};
		F2DCE36F2CF72902002D4AB1 /* EcoCartUITests */ = {
			isa = PBXNativeTarget;
			buildConfigurationList = F2DCE3802CF72902002D4AB1 /* Build configuration list for PBXNativeTarget "EcoCartUITests" */;
			buildPhases = (
				F2DCE36C2CF72902002D4AB1 /* Sources */,
				F2DCE36D2CF72902002D4AB1 /* Frameworks */,
				F2DCE36E2CF72902002D4AB1 /* Resources */,
			);
			buildRules = (
			);
			dependencies = (
				F2DCE3722CF72902002D4AB1 /* PBXTargetDependency */,
			);
			name = EcoCartUITests;
			productName = EcoCartUITests;
			productReference = F2DCE3702CF72902002D4AB1 /* EcoCartUITests.xctest */;
			productType = "com.apple.product-type.bundle.ui-testing";
		};
/* End PBXNativeTarget section */

/* Begin PBXProject section */
		F2DCE3482CF728FF002D4AB1 /* Project object */ = {
			isa = PBXProject;
			attributes = {
				BuildIndependentTargetsInParallel = 1;
				LastSwiftUpdateCheck = 1520;
				LastUpgradeCheck = 1520;
				TargetAttributes = {
					F2DCE34F2CF728FF002D4AB1 = {
						CreatedOnToolsVersion = 15.2;
					};
					F2DCE3652CF72901002D4AB1 = {
						CreatedOnToolsVersion = 15.2;
						TestTargetID = F2DCE34F2CF728FF002D4AB1;
					};
					F2DCE36F2CF72902002D4AB1 = {
						CreatedOnToolsVersion = 15.2;
						TestTargetID = F2DCE34F2CF728FF002D4AB1;
					};
				};
			};
			buildConfigurationList = F2DCE34B2CF728FF002D4AB1 /* Build configuration list for PBXProject "EcoCart" */;
			compatibilityVersion = "Xcode 14.0";
			developmentRegion = en;
			hasScannedForEncodings = 0;
			knownRegions = (
				en,
				Base,
			);
			mainGroup = F2DCE3472CF728FF002D4AB1;
			packageReferences = (
				F23585FB2D058D1E00C00219 /* XCRemoteSwiftPackageReference "firebase-ios-sdk" */,
				F2CFE3652D0C9BD90082DFB0 /* XCRemoteSwiftPackageReference "Charts" */,
			);
			productRefGroup = F2DCE3512CF728FF002D4AB1 /* Products */;
			projectDirPath = "";
			projectRoot = "";
			targets = (
				F2DCE34F2CF728FF002D4AB1 /* EcoCart */,
				F2DCE3652CF72901002D4AB1 /* EcoCartTests */,
				F2DCE36F2CF72902002D4AB1 /* EcoCartUITests */,
			);
		};
/* End PBXProject section */

/* Begin PBXResourcesBuildPhase section */
		F2DCE34E2CF728FF002D4AB1 /* Resources */ = {
			isa = PBXResourcesBuildPhase;
			buildActionMask = 2147483647;
			files = (
				CF84B6A32CFC4B1E0006F605 /* LoginBackup.storyboard in Resources */,
				54C191F62D1702CF00DB36D0 /* Cart.storyboard in Resources */,
				0E60DB772D0CC89900F16562 /* ProductCell2.storyboard in Resources */,
				0E7C9AB12CF72FCD0049CD22 /* Assets.xcassets in Resources */,
				83D547122D137D29004DE1CE /* ProfilePage.storyboard in Resources */,
				F2574B212D0058F900FF2011 /* Filter.storyboard in Resources */,
				5C7F5BB12D17AC7B00310022 /* AlternativeProducts.storyboard in Resources */,
				0E7C9AB22CF72FCD0049CD22 /* Main.storyboard in Resources */,
				54C1917B2D16BF0900DB36D0 /* StoreManagement.storyboard in Resources */,
				0E7C9AB32CF72FCD0049CD22 /* GoogleService-Info.plist in Resources */,
				104856312D076A9400D60B8D /* ReviewCell.xib in Resources */,
				0E7C9AB42CF72FCD0049CD22 /* Impact Tracker.storyboard in Resources */,
				CF84B6A52CFC58280006F605 /* ProfileBackup.storyboard in Resources */,
				83D547142D137D9C004DE1CE /* LogInPage.storyboard in Resources */,
				0E7C9AB52CF72FCD0049CD22 /* ProductDetails.storyboard in Resources */,
				0E7C9AB62CF72FCD0049CD22 /* LaunchScreen.storyboard in Resources */,
			);
			runOnlyForDeploymentPostprocessing = 0;
		};
		F2DCE3642CF72901002D4AB1 /* Resources */ = {
			isa = PBXResourcesBuildPhase;
			buildActionMask = 2147483647;
			files = (
			);
			runOnlyForDeploymentPostprocessing = 0;
		};
		F2DCE36E2CF72902002D4AB1 /* Resources */ = {
			isa = PBXResourcesBuildPhase;
			buildActionMask = 2147483647;
			files = (
			);
			runOnlyForDeploymentPostprocessing = 0;
		};
/* End PBXResourcesBuildPhase section */

/* Begin PBXSourcesBuildPhase section */
		F2DCE34C2CF728FF002D4AB1 /* Sources */ = {
			isa = PBXSourcesBuildPhase;
			buildActionMask = 2147483647;
			files = (
				1048562D2D07654600D60B8D /* ReviewFireBase.swift in Sources */,
				54C191E02D16FCA300DB36D0 /* AddProductManagementViewController.swift in Sources */,
				1048562F2D0765C200D60B8D /* ReviewViewController.swift in Sources */,
				83D5471C2D137DF0004DE1CE /* UserSIGNUPTableViewController.swift in Sources */,
				83D5471D2D137DF0004DE1CE /* LogInTableViewController.swift in Sources */,
				83D5471E2D137DF0004DE1CE /* ForgotPassViewController.swift in Sources */,
				83D5471F2D137DF0004DE1CE /* ProfilePageTableViewController.swift in Sources */,
				83D547212D137DF0004DE1CE /* AboutUsViewController.swift in Sources */,
				83D547222D137DF0004DE1CE /* PrivacyViewController.swift in Sources */,
				1086DBA42D0114B20087646B /* ProductDetailsViewController.swift in Sources */,
				0EA4058C2D058B2D00F37E56 /* ProductFirebase.swift in Sources */,
				83D547262D137E09004DE1CE /* Profile.swift in Sources */,
				83D5472C2D13A2F4004DE1CE /* SignupSuccessfulViewController.swift in Sources */,
				83D547272D137E09004DE1CE /* User.swift in Sources */,
				83D547282D137E09004DE1CE /* Database.swift in Sources */,
				54C1917D2D16C03D00DB36D0 /* ProductManagementViewController.swift in Sources */,
				0E2F4D442CFCD2DF00235DE9 /* ImpactTrackerViewController.swift in Sources */,
				0E7C9AB72CF72FCD0049CD22 /* ViewController.swift in Sources */,
				54C191EA2D17007F00DB36D0 /* OwnerManagementViewController.swift in Sources */,
				54C191EC2D17009E00DB36D0 /* Owner.swift in Sources */,
				5C7F5BB32D17ACBC00310022 /* AlternativeProductsViewController.swift in Sources */,
				1048562E2D07655700D60B8D /* Review.swift in Sources */,
				54C191FA2D1702FC00DB36D0 /* CartItemCell.swift in Sources */,
				54C191FC2D17030A00DB36D0 /* CartItem.swift in Sources */,
				54C191FE2D17033800DB36D0 /* CheckoutViewController.swift in Sources */,
				0E074EBC2D0787D70068814A /* AddProductViewController.swift in Sources */,
				54C192042D17076500DB36D0 /* ExpandedOrderListViewController.swift in Sources */,
				54C191E62D16FEF100DB36D0 /* Order.swift in Sources */,
				54C192002D1703BE00DB36D0 /* PaymentDetailsViewController.swift in Sources */,
				0E2760AA2D08A4F8004569A9 /* FilterViewController.swift in Sources */,
				54C192062D17077700DB36D0 /* CancelOrderViewController.swift in Sources */,
				5C3DD4C92D0E524300BD06C5 /* ProfilePageTableViewController.swift in Sources */,
				54C191E42D16FEE500DB36D0 /* OrderCell.swift in Sources */,
				5CA077142D0FEB4A00B44555 /* Color.swift in Sources */,
				5C3DD4C72D0E519800BD06C5 /* ThemeManager.swift in Sources */,
				0E7C9AB82CF72FCD0049CD22 /* AppDelegate.swift in Sources */,
				54C191DE2D16F70C00DB36D0 /* EditProductViewController.swift in Sources */,
				54C191772D16BE4500DB36D0 /* MyOrdersViewController.swift in Sources */,
				0E60DB792D0CCAEA00F16562 /* HomePageTableViewController.swift in Sources */,
				0EC7EEEE2CFC485800A7E000 /* Product.swift in Sources */,
				104856302D0765D800D60B8D /* ReviewCell.swift in Sources */,
				F2574B272D00785B00FF2011 /* ProductCell.swift in Sources */,
				0E7C9AB92CF72FCD0049CD22 /* SceneDelegate.swift in Sources */,
				54C191E22D16FED600DB36D0 /* OrderManagementViewController.swift in Sources */,
				54C191F02D1700B500DB36D0 /* OwnerCell.swift in Sources */,
				54C191F82D1702E400DB36D0 /* CartViewController.swift in Sources */,
				54C191792D16BE5300DB36D0 /* StoreManagementViewController.swift in Sources */,
				54C191EE2D17009F00DB36D0 /* Owner 2.swift in Sources */,
				54C191F42D17012600DB36D0 /* EditOwnerViewController.swift in Sources */,
			);
			runOnlyForDeploymentPostprocessing = 0;
		};
		F2DCE3622CF72901002D4AB1 /* Sources */ = {
			isa = PBXSourcesBuildPhase;
			buildActionMask = 2147483647;
			files = (
				F2DCE36B2CF72902002D4AB1 /* EcoCartTests.swift in Sources */,
			);
			runOnlyForDeploymentPostprocessing = 0;
		};
		F2DCE36C2CF72902002D4AB1 /* Sources */ = {
			isa = PBXSourcesBuildPhase;
			buildActionMask = 2147483647;
			files = (
				F2DCE3772CF72902002D4AB1 /* EcoCartUITestsLaunchTests.swift in Sources */,
				F2DCE3752CF72902002D4AB1 /* EcoCartUITests.swift in Sources */,
			);
			runOnlyForDeploymentPostprocessing = 0;
		};
/* End PBXSourcesBuildPhase section */

/* Begin PBXTargetDependency section */
		F2DCE3682CF72901002D4AB1 /* PBXTargetDependency */ = {
			isa = PBXTargetDependency;
			target = F2DCE34F2CF728FF002D4AB1 /* EcoCart */;
			targetProxy = F2DCE3672CF72901002D4AB1 /* PBXContainerItemProxy */;
		};
		F2DCE3722CF72902002D4AB1 /* PBXTargetDependency */ = {
			isa = PBXTargetDependency;
			target = F2DCE34F2CF728FF002D4AB1 /* EcoCart */;
			targetProxy = F2DCE3712CF72902002D4AB1 /* PBXContainerItemProxy */;
		};
/* End PBXTargetDependency section */

/* Begin PBXVariantGroup section */
		0E7C9AAB2CF72FCD0049CD22 /* LaunchScreen.storyboard */ = {
			isa = PBXVariantGroup;
			children = (
				0E7C9AAA2CF72FCD0049CD22 /* Base */,
			);
			name = LaunchScreen.storyboard;
			sourceTree = "<group>";
		};
		0E7C9AAD2CF72FCD0049CD22 /* Main.storyboard */ = {
			isa = PBXVariantGroup;
			children = (
				0E7C9AAC2CF72FCD0049CD22 /* Base */,
			);
			name = Main.storyboard;
			sourceTree = "<group>";
		};
/* End PBXVariantGroup section */

/* Begin XCBuildConfiguration section */
		F2DCE3782CF72902002D4AB1 /* Debug */ = {
			isa = XCBuildConfiguration;
			buildSettings = {
				ALWAYS_SEARCH_USER_PATHS = NO;
				ASSETCATALOG_COMPILER_GENERATE_SWIFT_ASSET_SYMBOL_EXTENSIONS = YES;
				CLANG_ANALYZER_NONNULL = YES;
				CLANG_ANALYZER_NUMBER_OBJECT_CONVERSION = YES_AGGRESSIVE;
				CLANG_CXX_LANGUAGE_STANDARD = "gnu++20";
				CLANG_ENABLE_MODULES = YES;
				CLANG_ENABLE_OBJC_ARC = YES;
				CLANG_ENABLE_OBJC_WEAK = YES;
				CLANG_WARN_BLOCK_CAPTURE_AUTORELEASING = YES;
				CLANG_WARN_BOOL_CONVERSION = YES;
				CLANG_WARN_COMMA = YES;
				CLANG_WARN_CONSTANT_CONVERSION = YES;
				CLANG_WARN_DEPRECATED_OBJC_IMPLEMENTATIONS = YES;
				CLANG_WARN_DIRECT_OBJC_ISA_USAGE = YES_ERROR;
				CLANG_WARN_DOCUMENTATION_COMMENTS = YES;
				CLANG_WARN_EMPTY_BODY = YES;
				CLANG_WARN_ENUM_CONVERSION = YES;
				CLANG_WARN_INFINITE_RECURSION = YES;
				CLANG_WARN_INT_CONVERSION = YES;
				CLANG_WARN_NON_LITERAL_NULL_CONVERSION = YES;
				CLANG_WARN_OBJC_IMPLICIT_RETAIN_SELF = YES;
				CLANG_WARN_OBJC_LITERAL_CONVERSION = YES;
				CLANG_WARN_OBJC_ROOT_CLASS = YES_ERROR;
				CLANG_WARN_QUOTED_INCLUDE_IN_FRAMEWORK_HEADER = YES;
				CLANG_WARN_RANGE_LOOP_ANALYSIS = YES;
				CLANG_WARN_STRICT_PROTOTYPES = YES;
				CLANG_WARN_SUSPICIOUS_MOVE = YES;
				CLANG_WARN_UNGUARDED_AVAILABILITY = YES_AGGRESSIVE;
				CLANG_WARN_UNREACHABLE_CODE = YES;
				CLANG_WARN__DUPLICATE_METHOD_MATCH = YES;
				COPY_PHASE_STRIP = NO;
				DEBUG_INFORMATION_FORMAT = dwarf;
				ENABLE_STRICT_OBJC_MSGSEND = YES;
				ENABLE_TESTABILITY = YES;
				ENABLE_USER_SCRIPT_SANDBOXING = YES;
				GCC_C_LANGUAGE_STANDARD = gnu17;
				GCC_DYNAMIC_NO_PIC = NO;
				GCC_NO_COMMON_BLOCKS = YES;
				GCC_OPTIMIZATION_LEVEL = 0;
				GCC_PREPROCESSOR_DEFINITIONS = (
					"DEBUG=1",
					"$(inherited)",
				);
				GCC_WARN_64_TO_32_BIT_CONVERSION = YES;
				GCC_WARN_ABOUT_RETURN_TYPE = YES_ERROR;
				GCC_WARN_UNDECLARED_SELECTOR = YES;
				GCC_WARN_UNINITIALIZED_AUTOS = YES_AGGRESSIVE;
				GCC_WARN_UNUSED_FUNCTION = YES;
				GCC_WARN_UNUSED_VARIABLE = YES;
				IPHONEOS_DEPLOYMENT_TARGET = 17.2;
				LOCALIZATION_PREFERS_STRING_CATALOGS = YES;
				MTL_ENABLE_DEBUG_INFO = INCLUDE_SOURCE;
				MTL_FAST_MATH = YES;
				ONLY_ACTIVE_ARCH = YES;
				SDKROOT = iphoneos;
				SWIFT_ACTIVE_COMPILATION_CONDITIONS = "DEBUG $(inherited)";
				SWIFT_OPTIMIZATION_LEVEL = "-Onone";
			};
			name = Debug;
		};
		F2DCE3792CF72902002D4AB1 /* Release */ = {
			isa = XCBuildConfiguration;
			buildSettings = {
				ALWAYS_SEARCH_USER_PATHS = NO;
				ASSETCATALOG_COMPILER_GENERATE_SWIFT_ASSET_SYMBOL_EXTENSIONS = YES;
				CLANG_ANALYZER_NONNULL = YES;
				CLANG_ANALYZER_NUMBER_OBJECT_CONVERSION = YES_AGGRESSIVE;
				CLANG_CXX_LANGUAGE_STANDARD = "gnu++20";
				CLANG_ENABLE_MODULES = YES;
				CLANG_ENABLE_OBJC_ARC = YES;
				CLANG_ENABLE_OBJC_WEAK = YES;
				CLANG_WARN_BLOCK_CAPTURE_AUTORELEASING = YES;
				CLANG_WARN_BOOL_CONVERSION = YES;
				CLANG_WARN_COMMA = YES;
				CLANG_WARN_CONSTANT_CONVERSION = YES;
				CLANG_WARN_DEPRECATED_OBJC_IMPLEMENTATIONS = YES;
				CLANG_WARN_DIRECT_OBJC_ISA_USAGE = YES_ERROR;
				CLANG_WARN_DOCUMENTATION_COMMENTS = YES;
				CLANG_WARN_EMPTY_BODY = YES;
				CLANG_WARN_ENUM_CONVERSION = YES;
				CLANG_WARN_INFINITE_RECURSION = YES;
				CLANG_WARN_INT_CONVERSION = YES;
				CLANG_WARN_NON_LITERAL_NULL_CONVERSION = YES;
				CLANG_WARN_OBJC_IMPLICIT_RETAIN_SELF = YES;
				CLANG_WARN_OBJC_LITERAL_CONVERSION = YES;
				CLANG_WARN_OBJC_ROOT_CLASS = YES_ERROR;
				CLANG_WARN_QUOTED_INCLUDE_IN_FRAMEWORK_HEADER = YES;
				CLANG_WARN_RANGE_LOOP_ANALYSIS = YES;
				CLANG_WARN_STRICT_PROTOTYPES = YES;
				CLANG_WARN_SUSPICIOUS_MOVE = YES;
				CLANG_WARN_UNGUARDED_AVAILABILITY = YES_AGGRESSIVE;
				CLANG_WARN_UNREACHABLE_CODE = YES;
				CLANG_WARN__DUPLICATE_METHOD_MATCH = YES;
				COPY_PHASE_STRIP = NO;
				DEBUG_INFORMATION_FORMAT = "dwarf-with-dsym";
				ENABLE_NS_ASSERTIONS = NO;
				ENABLE_STRICT_OBJC_MSGSEND = YES;
				ENABLE_USER_SCRIPT_SANDBOXING = YES;
				GCC_C_LANGUAGE_STANDARD = gnu17;
				GCC_NO_COMMON_BLOCKS = YES;
				GCC_WARN_64_TO_32_BIT_CONVERSION = YES;
				GCC_WARN_ABOUT_RETURN_TYPE = YES_ERROR;
				GCC_WARN_UNDECLARED_SELECTOR = YES;
				GCC_WARN_UNINITIALIZED_AUTOS = YES_AGGRESSIVE;
				GCC_WARN_UNUSED_FUNCTION = YES;
				GCC_WARN_UNUSED_VARIABLE = YES;
				IPHONEOS_DEPLOYMENT_TARGET = 17.2;
				LOCALIZATION_PREFERS_STRING_CATALOGS = YES;
				MTL_ENABLE_DEBUG_INFO = NO;
				MTL_FAST_MATH = YES;
				SDKROOT = iphoneos;
				SWIFT_COMPILATION_MODE = wholemodule;
				VALIDATE_PRODUCT = YES;
			};
			name = Release;
		};
		F2DCE37B2CF72902002D4AB1 /* Debug */ = {
			isa = XCBuildConfiguration;
			buildSettings = {
				ASSETCATALOG_COMPILER_APPICON_NAME = AppIcon;
				ASSETCATALOG_COMPILER_GLOBAL_ACCENT_COLOR_NAME = AccentColor;
				CODE_SIGN_STYLE = Automatic;
				CURRENT_PROJECT_VERSION = 1;
				GENERATE_INFOPLIST_FILE = YES;
				INFOPLIST_FILE = EcoCart/Info.plist;
				INFOPLIST_KEY_UIApplicationSupportsIndirectInputEvents = YES;
				INFOPLIST_KEY_UILaunchStoryboardName = LaunchScreen;
				INFOPLIST_KEY_UIMainStoryboardFile = Main;
				INFOPLIST_KEY_UISupportedInterfaceOrientations_iPad = "UIInterfaceOrientationPortrait UIInterfaceOrientationPortraitUpsideDown UIInterfaceOrientationLandscapeLeft UIInterfaceOrientationLandscapeRight";
				INFOPLIST_KEY_UISupportedInterfaceOrientations_iPhone = "UIInterfaceOrientationPortrait UIInterfaceOrientationLandscapeLeft UIInterfaceOrientationLandscapeRight";
				LD_RUNPATH_SEARCH_PATHS = (
					"$(inherited)",
					"@executable_path/Frameworks",
				);
				MARKETING_VERSION = 1.0;
				PRODUCT_BUNDLE_IDENTIFIER = "richtofen-studio.EcoCart";
				PRODUCT_NAME = "$(TARGET_NAME)";
				SWIFT_EMIT_LOC_STRINGS = YES;
				SWIFT_VERSION = 5.0;
				TARGETED_DEVICE_FAMILY = "1,2";
			};
			name = Debug;
		};
		F2DCE37C2CF72902002D4AB1 /* Release */ = {
			isa = XCBuildConfiguration;
			buildSettings = {
				ASSETCATALOG_COMPILER_APPICON_NAME = AppIcon;
				ASSETCATALOG_COMPILER_GLOBAL_ACCENT_COLOR_NAME = AccentColor;
				CODE_SIGN_STYLE = Automatic;
				CURRENT_PROJECT_VERSION = 1;
				GENERATE_INFOPLIST_FILE = YES;
				INFOPLIST_FILE = EcoCart/Info.plist;
				INFOPLIST_KEY_UIApplicationSupportsIndirectInputEvents = YES;
				INFOPLIST_KEY_UILaunchStoryboardName = LaunchScreen;
				INFOPLIST_KEY_UIMainStoryboardFile = Main;
				INFOPLIST_KEY_UISupportedInterfaceOrientations_iPad = "UIInterfaceOrientationPortrait UIInterfaceOrientationPortraitUpsideDown UIInterfaceOrientationLandscapeLeft UIInterfaceOrientationLandscapeRight";
				INFOPLIST_KEY_UISupportedInterfaceOrientations_iPhone = "UIInterfaceOrientationPortrait UIInterfaceOrientationLandscapeLeft UIInterfaceOrientationLandscapeRight";
				LD_RUNPATH_SEARCH_PATHS = (
					"$(inherited)",
					"@executable_path/Frameworks",
				);
				MARKETING_VERSION = 1.0;
				PRODUCT_BUNDLE_IDENTIFIER = "richtofen-studio.EcoCart";
				PRODUCT_NAME = "$(TARGET_NAME)";
				SWIFT_EMIT_LOC_STRINGS = YES;
				SWIFT_VERSION = 5.0;
				TARGETED_DEVICE_FAMILY = "1,2";
			};
			name = Release;
		};
		F2DCE37E2CF72902002D4AB1 /* Debug */ = {
			isa = XCBuildConfiguration;
			buildSettings = {
				BUNDLE_LOADER = "$(TEST_HOST)";
				CODE_SIGN_STYLE = Automatic;
				CURRENT_PROJECT_VERSION = 1;
				GENERATE_INFOPLIST_FILE = YES;
				IPHONEOS_DEPLOYMENT_TARGET = 17.2;
				MARKETING_VERSION = 1.0;
				PRODUCT_BUNDLE_IDENTIFIER = "richtofen-studio.EcoCartTests";
				PRODUCT_NAME = "$(TARGET_NAME)";
				SWIFT_EMIT_LOC_STRINGS = NO;
				SWIFT_VERSION = 5.0;
				TARGETED_DEVICE_FAMILY = "1,2";
				TEST_HOST = "$(BUILT_PRODUCTS_DIR)/EcoCart.app/$(BUNDLE_EXECUTABLE_FOLDER_PATH)/EcoCart";
			};
			name = Debug;
		};
		F2DCE37F2CF72902002D4AB1 /* Release */ = {
			isa = XCBuildConfiguration;
			buildSettings = {
				BUNDLE_LOADER = "$(TEST_HOST)";
				CODE_SIGN_STYLE = Automatic;
				CURRENT_PROJECT_VERSION = 1;
				GENERATE_INFOPLIST_FILE = YES;
				IPHONEOS_DEPLOYMENT_TARGET = 17.2;
				MARKETING_VERSION = 1.0;
				PRODUCT_BUNDLE_IDENTIFIER = "richtofen-studio.EcoCartTests";
				PRODUCT_NAME = "$(TARGET_NAME)";
				SWIFT_EMIT_LOC_STRINGS = NO;
				SWIFT_VERSION = 5.0;
				TARGETED_DEVICE_FAMILY = "1,2";
				TEST_HOST = "$(BUILT_PRODUCTS_DIR)/EcoCart.app/$(BUNDLE_EXECUTABLE_FOLDER_PATH)/EcoCart";
			};
			name = Release;
		};
		F2DCE3812CF72902002D4AB1 /* Debug */ = {
			isa = XCBuildConfiguration;
			buildSettings = {
				CODE_SIGN_STYLE = Automatic;
				CURRENT_PROJECT_VERSION = 1;
				GENERATE_INFOPLIST_FILE = YES;
				MARKETING_VERSION = 1.0;
				PRODUCT_BUNDLE_IDENTIFIER = "richtofen-studio.EcoCartUITests";
				PRODUCT_NAME = "$(TARGET_NAME)";
				SWIFT_EMIT_LOC_STRINGS = NO;
				SWIFT_VERSION = 5.0;
				TARGETED_DEVICE_FAMILY = "1,2";
				TEST_TARGET_NAME = EcoCart;
			};
			name = Debug;
		};
		F2DCE3822CF72902002D4AB1 /* Release */ = {
			isa = XCBuildConfiguration;
			buildSettings = {
				CODE_SIGN_STYLE = Automatic;
				CURRENT_PROJECT_VERSION = 1;
				GENERATE_INFOPLIST_FILE = YES;
				MARKETING_VERSION = 1.0;
				PRODUCT_BUNDLE_IDENTIFIER = "richtofen-studio.EcoCartUITests";
				PRODUCT_NAME = "$(TARGET_NAME)";
				SWIFT_EMIT_LOC_STRINGS = NO;
				SWIFT_VERSION = 5.0;
				TARGETED_DEVICE_FAMILY = "1,2";
				TEST_TARGET_NAME = EcoCart;
			};
			name = Release;
		};
/* End XCBuildConfiguration section */

/* Begin XCConfigurationList section */
		F2DCE34B2CF728FF002D4AB1 /* Build configuration list for PBXProject "EcoCart" */ = {
			isa = XCConfigurationList;
			buildConfigurations = (
				F2DCE3782CF72902002D4AB1 /* Debug */,
				F2DCE3792CF72902002D4AB1 /* Release */,
			);
			defaultConfigurationIsVisible = 0;
			defaultConfigurationName = Release;
		};
		F2DCE37A2CF72902002D4AB1 /* Build configuration list for PBXNativeTarget "EcoCart" */ = {
			isa = XCConfigurationList;
			buildConfigurations = (
				F2DCE37B2CF72902002D4AB1 /* Debug */,
				F2DCE37C2CF72902002D4AB1 /* Release */,
			);
			defaultConfigurationIsVisible = 0;
			defaultConfigurationName = Release;
		};
		F2DCE37D2CF72902002D4AB1 /* Build configuration list for PBXNativeTarget "EcoCartTests" */ = {
			isa = XCConfigurationList;
			buildConfigurations = (
				F2DCE37E2CF72902002D4AB1 /* Debug */,
				F2DCE37F2CF72902002D4AB1 /* Release */,
			);
			defaultConfigurationIsVisible = 0;
			defaultConfigurationName = Release;
		};
		F2DCE3802CF72902002D4AB1 /* Build configuration list for PBXNativeTarget "EcoCartUITests" */ = {
			isa = XCConfigurationList;
			buildConfigurations = (
				F2DCE3812CF72902002D4AB1 /* Debug */,
				F2DCE3822CF72902002D4AB1 /* Release */,
			);
			defaultConfigurationIsVisible = 0;
			defaultConfigurationName = Release;
		};
/* End XCConfigurationList section */

/* Begin XCRemoteSwiftPackageReference section */
		F23585FB2D058D1E00C00219 /* XCRemoteSwiftPackageReference "firebase-ios-sdk" */ = {
			isa = XCRemoteSwiftPackageReference;
			repositoryURL = "https://github.com/firebase/firebase-ios-sdk";
			requirement = {
				kind = upToNextMajorVersion;
				minimumVersion = 11.6.0;
			};
		};
		F2CFE3652D0C9BD90082DFB0 /* XCRemoteSwiftPackageReference "Charts" */ = {
			isa = XCRemoteSwiftPackageReference;
			repositoryURL = "https://github.com/ChartsOrg/Charts.git";
			requirement = {
				kind = upToNextMajorVersion;
				minimumVersion = 5.1.0;
			};
		};
/* End XCRemoteSwiftPackageReference section */

/* Begin XCSwiftPackageProductDependency section */
		0E14FB102D181F88005C606C /* DGCharts */ = {
			isa = XCSwiftPackageProductDependency;
			package = F2CFE3652D0C9BD90082DFB0 /* XCRemoteSwiftPackageReference "Charts" */;
			productName = DGCharts;
		};
		83D547292D138109004DE1CE /* FirebaseStorage */ = {
			isa = XCSwiftPackageProductDependency;
			package = F23585FB2D058D1E00C00219 /* XCRemoteSwiftPackageReference "firebase-ios-sdk" */;
			productName = FirebaseStorage;
		};
		F23585FC2D058D1E00C00219 /* FirebaseAuth */ = {
			isa = XCSwiftPackageProductDependency;
			package = F23585FB2D058D1E00C00219 /* XCRemoteSwiftPackageReference "firebase-ios-sdk" */;
			productName = FirebaseAuth;
		};
		F23585FE2D058D1E00C00219 /* FirebaseCore */ = {
			isa = XCSwiftPackageProductDependency;
			package = F23585FB2D058D1E00C00219 /* XCRemoteSwiftPackageReference "firebase-ios-sdk" */;
			productName = FirebaseCore;
		};
		F23586002D058D1E00C00219 /* FirebaseFirestore */ = {
			isa = XCSwiftPackageProductDependency;
			package = F23585FB2D058D1E00C00219 /* XCRemoteSwiftPackageReference "firebase-ios-sdk" */;
			productName = FirebaseFirestore;
		};
/* End XCSwiftPackageProductDependency section */
	};
	rootObject = F2DCE3482CF728FF002D4AB1 /* Project object */;
}
